// !$*UTF8*$!
{
	archiveVersion = 1;
	classes = {
	};
	objectVersion = 56;
	objects = {

/* Begin PBXBuildFile section */
		080987DA2B6D8FB100D155A4 /* TabBar.swift in Sources */ = {isa = PBXBuildFile; fileRef = 080987D92B6D8FB100D155A4 /* TabBar.swift */; };
		080987DE2B6E0EB200D155A4 /* Shapes.swift in Sources */ = {isa = PBXBuildFile; fileRef = 080987DD2B6E0EB200D155A4 /* Shapes.swift */; };
		080987E12B6E5DDB00D155A4 /* BottomSheet in Frameworks */ = {isa = PBXBuildFile; productRef = 080987E02B6E5DDB00D155A4 /* BottomSheet */; };
		080987E32B7210B400D155A4 /* ForecastView.swift in Sources */ = {isa = PBXBuildFile; fileRef = 080987E22B7210B400D155A4 /* ForecastView.swift */; };
		08B135352B6CCD820046BACC /* HomeView.swift in Sources */ = {isa = PBXBuildFile; fileRef = 08B135342B6CCD820046BACC /* HomeView.swift */; };
		08BECE872B6AE11C00170E01 /* ClimatherApp.swift in Sources */ = {isa = PBXBuildFile; fileRef = 08BECE862B6AE11C00170E01 /* ClimatherApp.swift */; };
		08BECE892B6AE11C00170E01 /* ContentView.swift in Sources */ = {isa = PBXBuildFile; fileRef = 08BECE882B6AE11C00170E01 /* ContentView.swift */; };
		08BECE8B2B6AE12300170E01 /* Assets.xcassets in Resources */ = {isa = PBXBuildFile; fileRef = 08BECE8A2B6AE12300170E01 /* Assets.xcassets */; };
		08BECE8E2B6AE12300170E01 /* Preview Assets.xcassets in Resources */ = {isa = PBXBuildFile; fileRef = 08BECE8D2B6AE12300170E01 /* Preview Assets.xcassets */; };
		08BECE9D2B6BA9C200170E01 /* Extensions.swift in Sources */ = {isa = PBXBuildFile; fileRef = 08BECE9C2B6BA9C200170E01 /* Extensions.swift */; };
/* End PBXBuildFile section */

/* Begin PBXFileReference section */
		080987D92B6D8FB100D155A4 /* TabBar.swift */ = {isa = PBXFileReference; lastKnownFileType = sourcecode.swift; path = TabBar.swift; sourceTree = "<group>"; };
		080987DD2B6E0EB200D155A4 /* Shapes.swift */ = {isa = PBXFileReference; lastKnownFileType = sourcecode.swift; path = Shapes.swift; sourceTree = "<group>"; };
		080987E22B7210B400D155A4 /* ForecastView.swift */ = {isa = PBXFileReference; lastKnownFileType = sourcecode.swift; path = ForecastView.swift; sourceTree = "<group>"; };
		08B135342B6CCD820046BACC /* HomeView.swift */ = {isa = PBXFileReference; lastKnownFileType = sourcecode.swift; path = HomeView.swift; sourceTree = "<group>"; };
		08BECE832B6AE11C00170E01 /* Climather.app */ = {isa = PBXFileReference; explicitFileType = wrapper.application; includeInIndex = 0; path = Climather.app; sourceTree = BUILT_PRODUCTS_DIR; };
		08BECE862B6AE11C00170E01 /* ClimatherApp.swift */ = {isa = PBXFileReference; lastKnownFileType = sourcecode.swift; path = ClimatherApp.swift; sourceTree = "<group>"; };
		08BECE882B6AE11C00170E01 /* ContentView.swift */ = {isa = PBXFileReference; lastKnownFileType = sourcecode.swift; path = ContentView.swift; sourceTree = "<group>"; };
		08BECE8A2B6AE12300170E01 /* Assets.xcassets */ = {isa = PBXFileReference; lastKnownFileType = folder.assetcatalog; path = Assets.xcassets; sourceTree = "<group>"; };
		08BECE8D2B6AE12300170E01 /* Preview Assets.xcassets */ = {isa = PBXFileReference; lastKnownFileType = folder.assetcatalog; path = "Preview Assets.xcassets"; sourceTree = "<group>"; };
		08BECE9C2B6BA9C200170E01 /* Extensions.swift */ = {isa = PBXFileReference; lastKnownFileType = sourcecode.swift; path = Extensions.swift; sourceTree = "<group>"; };
/* End PBXFileReference section */

/* Begin PBXFrameworksBuildPhase section */
		08BECE802B6AE11C00170E01 /* Frameworks */ = {
			isa = PBXFrameworksBuildPhase;
			buildActionMask = 2147483647;
			files = (
				080987E12B6E5DDB00D155A4 /* BottomSheet in Frameworks */,
			);
			runOnlyForDeploymentPostprocessing = 0;
		};
/* End PBXFrameworksBuildPhase section */

/* Begin PBXGroup section */
		08BECE7A2B6AE11C00170E01 = {
			isa = PBXGroup;
			children = (
				08BECE852B6AE11C00170E01 /* Climather */,
				08BECE842B6AE11C00170E01 /* Products */,
			);
			sourceTree = "<group>";
		};
		08BECE842B6AE11C00170E01 /* Products */ = {
			isa = PBXGroup;
			children = (
				08BECE832B6AE11C00170E01 /* Climather.app */,
			);
			name = Products;
			sourceTree = "<group>";
		};
		08BECE852B6AE11C00170E01 /* Climather */ = {
			isa = PBXGroup;
			children = (
				08BECE862B6AE11C00170E01 /* ClimatherApp.swift */,
				08BECE952B6BA7C900170E01 /* View */,
				08BECE942B6BA7B900170E01 /* Models */,
				08BECE962B6BA7D000170E01 /* Utils */,
				08BECE8A2B6AE12300170E01 /* Assets.xcassets */,
				08BECE8C2B6AE12300170E01 /* Preview Content */,
			);
			path = Climather;
			sourceTree = "<group>";
		};
		08BECE8C2B6AE12300170E01 /* Preview Content */ = {
			isa = PBXGroup;
			children = (
				08BECE8D2B6AE12300170E01 /* Preview Assets.xcassets */,
			);
			path = "Preview Content";
			sourceTree = "<group>";
		};
		08BECE942B6BA7B900170E01 /* Models */ = {
			isa = PBXGroup;
			children = (
			);
			path = Models;
			sourceTree = "<group>";
		};
		08BECE952B6BA7C900170E01 /* View */ = {
			isa = PBXGroup;
			children = (
				08BECE972B6BA7F500170E01 /* Main */,
				08BECE992B6BA82A00170E01 /* Navigation */,
				08BECE9A2B6BA83600170E01 /* Detail */,
				08BECE9B2B6BA84100170E01 /* Components */,
			);
			path = View;
			sourceTree = "<group>";
		};
		08BECE962B6BA7D000170E01 /* Utils */ = {
			isa = PBXGroup;
			children = (
				08BECE9C2B6BA9C200170E01 /* Extensions.swift */,
				080987DD2B6E0EB200D155A4 /* Shapes.swift */,
			);
			path = Utils;
			sourceTree = "<group>";
		};
		08BECE972B6BA7F500170E01 /* Main */ = {
			isa = PBXGroup;
			children = (
				08BECE882B6AE11C00170E01 /* ContentView.swift */,
				08B135342B6CCD820046BACC /* HomeView.swift */,
			);
			path = Main;
			sourceTree = "<group>";
		};
		08BECE992B6BA82A00170E01 /* Navigation */ = {
			isa = PBXGroup;
			children = (
				080987D92B6D8FB100D155A4 /* TabBar.swift */,
			);
			path = Navigation;
			sourceTree = "<group>";
		};
		08BECE9A2B6BA83600170E01 /* Detail */ = {
			isa = PBXGroup;
			children = (
				080987E22B7210B400D155A4 /* ForecastView.swift */,
			);
			path = Detail;
			sourceTree = "<group>";
		};
		08BECE9B2B6BA84100170E01 /* Components */ = {
			isa = PBXGroup;
			children = (
			);
			path = Components;
			sourceTree = "<group>";
		};
/* End PBXGroup section */

/* Begin PBXNativeTarget section */
		08BECE822B6AE11C00170E01 /* Climather */ = {
			isa = PBXNativeTarget;
			buildConfigurationList = 08BECE912B6AE12300170E01 /* Build configuration list for PBXNativeTarget "Climather" */;
			buildPhases = (
				08BECE7F2B6AE11C00170E01 /* Sources */,
				08BECE802B6AE11C00170E01 /* Frameworks */,
				08BECE812B6AE11C00170E01 /* Resources */,
			);
			buildRules = (
			);
			dependencies = (
			);
			name = Climather;
			packageProductDependencies = (
				080987E02B6E5DDB00D155A4 /* BottomSheet */,
			);
			productName = Climather;
			productReference = 08BECE832B6AE11C00170E01 /* Climather.app */;
			productType = "com.apple.product-type.application";
		};
/* End PBXNativeTarget section */

/* Begin PBXProject section */
		08BECE7B2B6AE11C00170E01 /* Project object */ = {
			isa = PBXProject;
			attributes = {
				BuildIndependentTargetsInParallel = 1;
				LastSwiftUpdateCheck = 1520;
				LastUpgradeCheck = 1520;
				TargetAttributes = {
					08BECE822B6AE11C00170E01 = {
						CreatedOnToolsVersion = 15.2;
					};
				};
			};
			buildConfigurationList = 08BECE7E2B6AE11C00170E01 /* Build configuration list for PBXProject "Climather" */;
			compatibilityVersion = "Xcode 14.0";
			developmentRegion = en;
			hasScannedForEncodings = 0;
			knownRegions = (
				en,
				Base,
			);
			mainGroup = 08BECE7A2B6AE11C00170E01;
			packageReferences = (
				080987DF2B6E5DDB00D155A4 /* XCRemoteSwiftPackageReference "BottomSheet" */,
			);
			productRefGroup = 08BECE842B6AE11C00170E01 /* Products */;
			projectDirPath = "";
			projectRoot = "";
			targets = (
				08BECE822B6AE11C00170E01 /* Climather */,
			);
		};
/* End PBXProject section */

/* Begin PBXResourcesBuildPhase section */
		08BECE812B6AE11C00170E01 /* Resources */ = {
			isa = PBXResourcesBuildPhase;
			buildActionMask = 2147483647;
			files = (
				08BECE8E2B6AE12300170E01 /* Preview Assets.xcassets in Resources */,
				08BECE8B2B6AE12300170E01 /* Assets.xcassets in Resources */,
			);
			runOnlyForDeploymentPostprocessing = 0;
		};
/* End PBXResourcesBuildPhase section */

/* Begin PBXSourcesBuildPhase section */
		08BECE7F2B6AE11C00170E01 /* Sources */ = {
			isa = PBXSourcesBuildPhase;
			buildActionMask = 2147483647;
			files = (
				08BECE892B6AE11C00170E01 /* ContentView.swift in Sources */,
				08B135352B6CCD820046BACC /* HomeView.swift in Sources */,
				08BECE9D2B6BA9C200170E01 /* Extensions.swift in Sources */,
				08BECE872B6AE11C00170E01 /* ClimatherApp.swift in Sources */,
				080987E32B7210B400D155A4 /* ForecastView.swift in Sources */,
				080987DA2B6D8FB100D155A4 /* TabBar.swift in Sources */,
				080987DE2B6E0EB200D155A4 /* Shapes.swift in Sources */,
			);
			runOnlyForDeploymentPostprocessing = 0;
		};
/* End PBXSourcesBuildPhase section */

/* Begin XCBuildConfiguration section */
		08BECE8F2B6AE12300170E01 /* Debug */ = {
			isa = XCBuildConfiguration;
			buildSettings = {
				ALWAYS_SEARCH_USER_PATHS = NO;
				ASSETCATALOG_COMPILER_GENERATE_SWIFT_ASSET_SYMBOL_EXTENSIONS = YES;
				CLANG_ANALYZER_NONNULL = YES;
				CLANG_ANALYZER_NUMBER_OBJECT_CONVERSION = YES_AGGRESSIVE;
				CLANG_CXX_LANGUAGE_STANDARD = "gnu++20";
				CLANG_ENABLE_MODULES = YES;
				CLANG_ENABLE_OBJC_ARC = YES;
				CLANG_ENABLE_OBJC_WEAK = YES;
				CLANG_WARN_BLOCK_CAPTURE_AUTORELEASING = YES;
				CLANG_WARN_BOOL_CONVERSION = YES;
				CLANG_WARN_COMMA = YES;
				CLANG_WARN_CONSTANT_CONVERSION = YES;
				CLANG_WARN_DEPRECATED_OBJC_IMPLEMENTATIONS = YES;
				CLANG_WARN_DIRECT_OBJC_ISA_USAGE = YES_ERROR;
				CLANG_WARN_DOCUMENTATION_COMMENTS = YES;
				CLANG_WARN_EMPTY_BODY = YES;
				CLANG_WARN_ENUM_CONVERSION = YES;
				CLANG_WARN_INFINITE_RECURSION = YES;
				CLANG_WARN_INT_CONVERSION = YES;
				CLANG_WARN_NON_LITERAL_NULL_CONVERSION = YES;
				CLANG_WARN_OBJC_IMPLICIT_RETAIN_SELF = YES;
				CLANG_WARN_OBJC_LITERAL_CONVERSION = YES;
				CLANG_WARN_OBJC_ROOT_CLASS = YES_ERROR;
				CLANG_WARN_QUOTED_INCLUDE_IN_FRAMEWORK_HEADER = YES;
				CLANG_WARN_RANGE_LOOP_ANALYSIS = YES;
				CLANG_WARN_STRICT_PROTOTYPES = YES;
				CLANG_WARN_SUSPICIOUS_MOVE = YES;
				CLANG_WARN_UNGUARDED_AVAILABILITY = YES_AGGRESSIVE;
				CLANG_WARN_UNREACHABLE_CODE = YES;
				CLANG_WARN__DUPLICATE_METHOD_MATCH = YES;
				COPY_PHASE_STRIP = NO;
				DEBUG_INFORMATION_FORMAT = dwarf;
				ENABLE_STRICT_OBJC_MSGSEND = YES;
				ENABLE_TESTABILITY = YES;
				ENABLE_USER_SCRIPT_SANDBOXING = YES;
				GCC_C_LANGUAGE_STANDARD = gnu17;
				GCC_DYNAMIC_NO_PIC = NO;
				GCC_NO_COMMON_BLOCKS = YES;
				GCC_OPTIMIZATION_LEVEL = 0;
				GCC_PREPROCESSOR_DEFINITIONS = (
					"DEBUG=1",
					"$(inherited)",
				);
				GCC_WARN_64_TO_32_BIT_CONVERSION = YES;
				GCC_WARN_ABOUT_RETURN_TYPE = YES_ERROR;
				GCC_WARN_UNDECLARED_SELECTOR = YES;
				GCC_WARN_UNINITIALIZED_AUTOS = YES_AGGRESSIVE;
				GCC_WARN_UNUSED_FUNCTION = YES;
				GCC_WARN_UNUSED_VARIABLE = YES;
				IPHONEOS_DEPLOYMENT_TARGET = 17.2;
				LOCALIZATION_PREFERS_STRING_CATALOGS = YES;
				MTL_ENABLE_DEBUG_INFO = INCLUDE_SOURCE;
				MTL_FAST_MATH = YES;
				ONLY_ACTIVE_ARCH = YES;
				SDKROOT = iphoneos;
				SWIFT_ACTIVE_COMPILATION_CONDITIONS = "DEBUG $(inherited)";
				SWIFT_OPTIMIZATION_LEVEL = "-Onone";
			};
			name = Debug;
		};
		08BECE902B6AE12300170E01 /* Release */ = {
			isa = XCBuildConfiguration;
			buildSettings = {
				ALWAYS_SEARCH_USER_PATHS = NO;
				ASSETCATALOG_COMPILER_GENERATE_SWIFT_ASSET_SYMBOL_EXTENSIONS = YES;
				CLANG_ANALYZER_NONNULL = YES;
				CLANG_ANALYZER_NUMBER_OBJECT_CONVERSION = YES_AGGRESSIVE;
				CLANG_CXX_LANGUAGE_STANDARD = "gnu++20";
				CLANG_ENABLE_MODULES = YES;
				CLANG_ENABLE_OBJC_ARC = YES;
				CLANG_ENABLE_OBJC_WEAK = YES;
				CLANG_WARN_BLOCK_CAPTURE_AUTORELEASING = YES;
				CLANG_WARN_BOOL_CONVERSION = YES;
				CLANG_WARN_COMMA = YES;
				CLANG_WARN_CONSTANT_CONVERSION = YES;
				CLANG_WARN_DEPRECATED_OBJC_IMPLEMENTATIONS = YES;
				CLANG_WARN_DIRECT_OBJC_ISA_USAGE = YES_ERROR;
				CLANG_WARN_DOCUMENTATION_COMMENTS = YES;
				CLANG_WARN_EMPTY_BODY = YES;
				CLANG_WARN_ENUM_CONVERSION = YES;
				CLANG_WARN_INFINITE_RECURSION = YES;
				CLANG_WARN_INT_CONVERSION = YES;
				CLANG_WARN_NON_LITERAL_NULL_CONVERSION = YES;
				CLANG_WARN_OBJC_IMPLICIT_RETAIN_SELF = YES;
				CLANG_WARN_OBJC_LITERAL_CONVERSION = YES;
				CLANG_WARN_OBJC_ROOT_CLASS = YES_ERROR;
				CLANG_WARN_QUOTED_INCLUDE_IN_FRAMEWORK_HEADER = YES;
				CLANG_WARN_RANGE_LOOP_ANALYSIS = YES;
				CLANG_WARN_STRICT_PROTOTYPES = YES;
				CLANG_WARN_SUSPICIOUS_MOVE = YES;
				CLANG_WARN_UNGUARDED_AVAILABILITY = YES_AGGRESSIVE;
				CLANG_WARN_UNREACHABLE_CODE = YES;
				CLANG_WARN__DUPLICATE_METHOD_MATCH = YES;
				COPY_PHASE_STRIP = NO;
				DEBUG_INFORMATION_FORMAT = "dwarf-with-dsym";
				ENABLE_NS_ASSERTIONS = NO;
				ENABLE_STRICT_OBJC_MSGSEND = YES;
				ENABLE_USER_SCRIPT_SANDBOXING = YES;
				GCC_C_LANGUAGE_STANDARD = gnu17;
				GCC_NO_COMMON_BLOCKS = YES;
				GCC_WARN_64_TO_32_BIT_CONVERSION = YES;
				GCC_WARN_ABOUT_RETURN_TYPE = YES_ERROR;
				GCC_WARN_UNDECLARED_SELECTOR = YES;
				GCC_WARN_UNINITIALIZED_AUTOS = YES_AGGRESSIVE;
				GCC_WARN_UNUSED_FUNCTION = YES;
				GCC_WARN_UNUSED_VARIABLE = YES;
				IPHONEOS_DEPLOYMENT_TARGET = 17.2;
				LOCALIZATION_PREFERS_STRING_CATALOGS = YES;
				MTL_ENABLE_DEBUG_INFO = NO;
				MTL_FAST_MATH = YES;
				SDKROOT = iphoneos;
				SWIFT_COMPILATION_MODE = wholemodule;
				VALIDATE_PRODUCT = YES;
			};
			name = Release;
		};
		08BECE922B6AE12300170E01 /* Debug */ = {
			isa = XCBuildConfiguration;
			buildSettings = {
				ASSETCATALOG_COMPILER_APPICON_NAME = AppIcon;
				ASSETCATALOG_COMPILER_GLOBAL_ACCENT_COLOR_NAME = AccentColor;
				CODE_SIGN_STYLE = Automatic;
				CURRENT_PROJECT_VERSION = 1;
				DEVELOPMENT_ASSET_PATHS = "\"Climather/Preview Content\"";
				ENABLE_PREVIEWS = YES;
				GENERATE_INFOPLIST_FILE = YES;
				INFOPLIST_KEY_UIApplicationSceneManifest_Generation = YES;
				INFOPLIST_KEY_UIApplicationSupportsIndirectInputEvents = YES;
				INFOPLIST_KEY_UILaunchScreen_Generation = YES;
				INFOPLIST_KEY_UISupportedInterfaceOrientations_iPad = "UIInterfaceOrientationPortrait UIInterfaceOrientationPortraitUpsideDown UIInterfaceOrientationLandscapeLeft UIInterfaceOrientationLandscapeRight";
				INFOPLIST_KEY_UISupportedInterfaceOrientations_iPhone = "UIInterfaceOrientationPortrait UIInterfaceOrientationLandscapeLeft UIInterfaceOrientationLandscapeRight";
				LD_RUNPATH_SEARCH_PATHS = (
					"$(inherited)",
					"@executable_path/Frameworks",
				);
				MARKETING_VERSION = 1.0;
				PRODUCT_BUNDLE_IDENTIFIER = com.Minisock.Climather;
				PRODUCT_NAME = "$(TARGET_NAME)";
				SWIFT_EMIT_LOC_STRINGS = YES;
				SWIFT_VERSION = 5.0;
				TARGETED_DEVICE_FAMILY = "1,2";
			};
			name = Debug;
		};
		08BECE932B6AE12300170E01 /* Release */ = {
			isa = XCBuildConfiguration;
			buildSettings = {
				ASSETCATALOG_COMPILER_APPICON_NAME = AppIcon;
				ASSETCATALOG_COMPILER_GLOBAL_ACCENT_COLOR_NAME = AccentColor;
				CODE_SIGN_STYLE = Automatic;
				CURRENT_PROJECT_VERSION = 1;
				DEVELOPMENT_ASSET_PATHS = "\"Climather/Preview Content\"";
				ENABLE_PREVIEWS = YES;
				GENERATE_INFOPLIST_FILE = YES;
				INFOPLIST_KEY_UIApplicationSceneManifest_Generation = YES;
				INFOPLIST_KEY_UIApplicationSupportsIndirectInputEvents = YES;
				INFOPLIST_KEY_UILaunchScreen_Generation = YES;
				INFOPLIST_KEY_UISupportedInterfaceOrientations_iPad = "UIInterfaceOrientationPortrait UIInterfaceOrientationPortraitUpsideDown UIInterfaceOrientationLandscapeLeft UIInterfaceOrientationLandscapeRight";
				INFOPLIST_KEY_UISupportedInterfaceOrientations_iPhone = "UIInterfaceOrientationPortrait UIInterfaceOrientationLandscapeLeft UIInterfaceOrientationLandscapeRight";
				LD_RUNPATH_SEARCH_PATHS = (
					"$(inherited)",
					"@executable_path/Frameworks",
				);
				MARKETING_VERSION = 1.0;
				PRODUCT_BUNDLE_IDENTIFIER = com.Minisock.Climather;
				PRODUCT_NAME = "$(TARGET_NAME)";
				SWIFT_EMIT_LOC_STRINGS = YES;
				SWIFT_VERSION = 5.0;
				TARGETED_DEVICE_FAMILY = "1,2";
			};
			name = Release;
		};
/* End XCBuildConfiguration section */

/* Begin XCConfigurationList section */
		08BECE7E2B6AE11C00170E01 /* Build configuration list for PBXProject "Climather" */ = {
			isa = XCConfigurationList;
			buildConfigurations = (
				08BECE8F2B6AE12300170E01 /* Debug */,
				08BECE902B6AE12300170E01 /* Release */,
			);
			defaultConfigurationIsVisible = 0;
			defaultConfigurationName = Release;
		};
		08BECE912B6AE12300170E01 /* Build configuration list for PBXNativeTarget "Climather" */ = {
			isa = XCConfigurationList;
			buildConfigurations = (
				08BECE922B6AE12300170E01 /* Debug */,
				08BECE932B6AE12300170E01 /* Release */,
			);
			defaultConfigurationIsVisible = 0;
			defaultConfigurationName = Release;
		};
/* End XCConfigurationList section */

/* Begin XCRemoteSwiftPackageReference section */
		080987DF2B6E5DDB00D155A4 /* XCRemoteSwiftPackageReference "BottomSheet" */ = {
			isa = XCRemoteSwiftPackageReference;
			repositoryURL = "https://github.com/Wouter125/BottomSheet/";
			requirement = {
				branch = main;
				kind = branch;
			};
		};
/* End XCRemoteSwiftPackageReference section */

/* Begin XCSwiftPackageProductDependency section */
		080987E02B6E5DDB00D155A4 /* BottomSheet */ = {
			isa = XCSwiftPackageProductDependency;
			package = 080987DF2B6E5DDB00D155A4 /* XCRemoteSwiftPackageReference "BottomSheet" */;
			productName = BottomSheet;
		};
/* End XCSwiftPackageProductDependency section */
	};
	rootObject = 08BECE7B2B6AE11C00170E01 /* Project object */;
}
